
Microsoft Visual Studio Solution File, Format Version 12.00
# Visual Studio Version 17
VisualStudioVersion = 17.10.35122.118
MinimumVisualStudioVersion = 10.0.40219.1
Project("{9A19103F-16F7-4668-BE54-9A1E7A4F7556}") = "BlogDotNet.BlazorWebApp", "BlogDotNet.BlazorWebApp\BlogDotNet.BlazorWebApp.csproj", "{46DC4213-044A-44D2-A75B-3B2B20BA58ED}"
EndProject
Project("{9A19103F-16F7-4668-BE54-9A1E7A4F7556}") = "BlogDotNet.DataServices", "BlogDotNet.DataServices\BlogDotNet.DataServices.csproj", "{8B1F0A46-537B-4D63-8309-DA4E198753FB}"
EndProject
Project("{9A19103F-16F7-4668-BE54-9A1E7A4F7556}") = "BlogDotNet.DataServices.Abstractions", "BlogDotNet.DataServices.Abstractions\BlogDotNet.DataServices.Abstractions.csproj", "{43EDA275-CE74-4483-8590-BFC2DDB1369F}"
EndProject
Project("{9A19103F-16F7-4668-BE54-9A1E7A4F7556}") = "BlogDotNet.Database.Migrations", "BlogDotNet.Database.Migrations\BlogDotNet.Database.Migrations.csproj", "{B00119E6-A48B-4681-A115-A00E944407C8}"
EndProject
Project("{9A19103F-16F7-4668-BE54-9A1E7A4F7556}") = "BlogDotNet.Database.Migrations.Runner", "BlogDotNet.Database.Migrations.Runner\BlogDotNet.Database.Migrations.Runner.csproj", "{6403CD22-199C-414E-9478-28C15E41D253}"
EndProject
Project("{9A19103F-16F7-4668-BE54-9A1E7A4F7556}") = "BlogDotNet.Database", "BlogDotNet.Database\BlogDotNet.Database.csproj", "{9E24AA9E-8237-4C15-B98D-1AD1A85C5FC2}"
EndProject
Global
	GlobalSection(SolutionConfigurationPlatforms) = preSolution
		Debug|Any CPU = Debug|Any CPU
		Release|Any CPU = Release|Any CPU
	EndGlobalSection
	GlobalSection(ProjectConfigurationPlatforms) = postSolution
		{46DC4213-044A-44D2-A75B-3B2B20BA58ED}.Debug|Any CPU.ActiveCfg = Debug|Any CPU
		{46DC4213-044A-44D2-A75B-3B2B20BA58ED}.Debug|Any CPU.Build.0 = Debug|Any CPU
		{46DC4213-044A-44D2-A75B-3B2B20BA58ED}.Release|Any CPU.ActiveCfg = Release|Any CPU
		{46DC4213-044A-44D2-A75B-3B2B20BA58ED}.Release|Any CPU.Build.0 = Release|Any CPU
		{8B1F0A46-537B-4D63-8309-DA4E198753FB}.Debug|Any CPU.ActiveCfg = Debug|Any CPU
		{8B1F0A46-537B-4D63-8309-DA4E198753FB}.Debug|Any CPU.Build.0 = Debug|Any CPU
		{8B1F0A46-537B-4D63-8309-DA4E198753FB}.Release|Any CPU.ActiveCfg = Release|Any CPU
		{8B1F0A46-537B-4D63-8309-DA4E198753FB}.Release|Any CPU.Build.0 = Release|Any CPU
		{43EDA275-CE74-4483-8590-BFC2DDB1369F}.Debug|Any CPU.ActiveCfg = Debug|Any CPU
		{43EDA275-CE74-4483-8590-BFC2DDB1369F}.Debug|Any CPU.Build.0 = Debug|Any CPU
		{43EDA275-CE74-4483-8590-BFC2DDB1369F}.Release|Any CPU.ActiveCfg = Release|Any CPU
		{43EDA275-CE74-4483-8590-BFC2DDB1369F}.Release|Any CPU.Build.0 = Release|Any CPU
		{B00119E6-A48B-4681-A115-A00E944407C8}.Debug|Any CPU.ActiveCfg = Debug|Any CPU
		{B00119E6-A48B-4681-A115-A00E944407C8}.Debug|Any CPU.Build.0 = Debug|Any CPU
		{B00119E6-A48B-4681-A115-A00E944407C8}.Release|Any CPU.ActiveCfg = Release|Any CPU
		{B00119E6-A48B-4681-A115-A00E944407C8}.Release|Any CPU.Build.0 = Release|Any CPU
		{6403CD22-199C-414E-9478-28C15E41D253}.Debug|Any CPU.ActiveCfg = Debug|Any CPU
		{6403CD22-199C-414E-9478-28C15E41D253}.Debug|Any CPU.Build.0 = Debug|Any CPU
		{6403CD22-199C-414E-9478-28C15E41D253}.Release|Any CPU.ActiveCfg = Release|Any CPU
		{6403CD22-199C-414E-9478-28C15E41D253}.Release|Any CPU.Build.0 = Release|Any CPU
		{9E24AA9E-8237-4C15-B98D-1AD1A85C5FC2}.Debug|Any CPU.ActiveCfg = Debug|Any CPU
		{9E24AA9E-8237-4C15-B98D-1AD1A85C5FC2}.Debug|Any CPU.Build.0 = Debug|Any CPU
		{9E24AA9E-8237-4C15-B98D-1AD1A85C5FC2}.Release|Any CPU.ActiveCfg = Release|Any CPU
		{9E24AA9E-8237-4C15-B98D-1AD1A85C5FC2}.Release|Any CPU.Build.0 = Release|Any CPU
	EndGlobalSection
	GlobalSection(SolutionProperties) = preSolution
		HideSolutionNode = FALSE
	EndGlobalSection
	GlobalSection(ExtensibilityGlobals) = postSolution
		SolutionGuid = {0DB09EAC-1F64-425B-B88E-3F6CA7BEF2D7}
	EndGlobalSection
EndGlobal
